		7F26268AA7FF464895611EA0 /* VideoCaptureController+Signal.swift in Sources */ = {isa = PBXBuildFile; fileRef = 6E12B5F2FA394F7093AB0A87 /* VideoCaptureController+Signal.swift */; };
		6E12B5F2FA394F7093AB0A87 /* VideoCaptureController+Signal.swift */ = {isa = PBXFileReference; lastKnownFileType = sourcecode.swift; path = "VideoCaptureController+Signal.swift"; sourceTree = "<group>"; };
				6E12B5F2FA394F7093AB0A87 /* VideoCaptureController+Signal.swift */,
				7F26268AA7FF464895611EA0 /* VideoCaptureController+Signal.swift in Sources */,
