				1B35F1CE35D7410B8E891DA7 /* VideoCaptureController+Signal.swift in Sources */ = {isa = PBXBuildFile; fileRef = B45A36B86B3D4AEEA777EAD2 /* VideoCaptureController+Signal.swift */; };
				B45A36B86B3D4AEEA777EAD2 /* VideoCaptureController+Signal.swift */ = {isa = PBXFileReference; lastKnownFileType = sourcecode.swift; path = "VideoCaptureController+Signal.swift"; sourceTree = "<group>"; };
				B45A36B86B3D4AEEA777EAD2 /* VideoCaptureController+Signal.swift */,
				1B35F1CE35D7410B8E891DA7 /* VideoCaptureController+Signal.swift in Sources */,
