                4585B4A5291B39F9003A8F8E /* MediaGalleryCollectionViewUpdaterTest.swift in Sources */ = {isa = PBXBuildFile; fileRef = 4585B4A4291B39F9003A8F8E /* MediaGalleryCollectionViewUpdaterTest.swift */; };
                76E0A5A42C9C420800A1F0E2 /* MediaSelectionCoordinatorTest.swift in Sources */ = {isa = PBXBuildFile; fileRef = 76E0A5A32C9C420800A1F0E2 /* MediaSelectionCoordinatorTest.swift */; };
                45906C6B29D238560025906D /* WidePhotoCell.swift in Sources */ = {isa = PBXBuildFile; fileRef = 45906C6A29D238560025906D /* WidePhotoCell.swift */; };
                45DDD06729C1365100FD9670 /* MediaGalleryAccessoriesHelper.swift in Sources */ = {isa = PBXBuildFile; fileRef = 45DDD06629C1365100FD9670 /* MediaGalleryAccessoriesHelper.swift */; };
                76E0A5A22C9C420800A1F0E2 /* MediaSelectionCoordinator.swift in Sources */ = {isa = PBXBuildFile; fileRef = 76E0A5A12C9C420800A1F0E2 /* MediaSelectionCoordinator.swift */; };
                45E5A6991F61E6DE001E4A8A /* MarqueeLabel.swift in Sources */ = {isa = PBXBuildFile; fileRef = 45E5A6981F61E6DD001E4A8A /* MarqueeLabel.swift */; };
                452EC6DE205E9E30000E787C /* MediaGallery.swift */ = {isa = PBXFileReference; lastKnownFileType = sourcecode.swift; path = MediaGallery.swift; sourceTree = "<group>"; };
                76E0A5A12C9C420800A1F0E2 /* MediaSelectionCoordinator.swift */ = {isa = PBXFileReference; lastKnownFileType = sourcecode.swift; path = MediaSelectionCoordinator.swift; sourceTree = "<group>"; };
                453518681FC635DD00210559 /* SignalShareExtension.appex */ = {isa = PBXFileReference; explicitFileType = "wrapper.app-extension"; includeInIndex = 0; path = SignalShareExtension.appex; sourceTree = BUILT_PRODUCTS_DIR; };
                4585B4A4291B39F9003A8F8E /* MediaGalleryCollectionViewUpdaterTest.swift */ = {isa = PBXFileReference; lastKnownFileType = sourcecode.swift; path = MediaGalleryCollectionViewUpdaterTest.swift; sourceTree = "<group>"; };
                76E0A5A32C9C420800A1F0E2 /* MediaSelectionCoordinatorTest.swift */ = {isa = PBXFileReference; lastKnownFileType = sourcecode.swift; path = MediaSelectionCoordinatorTest.swift; sourceTree = "<group>"; };
                                45C845AE291467F7005F6EA5 /* JournalingOrderedDictionaryTests.swift */,
                                4585B4A4291B39F9003A8F8E /* MediaGalleryCollectionViewUpdaterTest.swift */,
                                76E0A5A32C9C420800A1F0E2 /* MediaSelectionCoordinatorTest.swift */,
                                1700E33A28B5684C0073D949 /* MediaGallerySectionsTest.swift */,
                                452EC6DE205E9E30000E787C /* MediaGallery.swift */,
                                45DDD06629C1365100FD9670 /* MediaGalleryAccessoriesHelper.swift */,
                                76E0A5A12C9C420800A1F0E2 /* MediaSelectionCoordinator.swift */,
                                7622B3B12A4510D7000E31DA /* MediaGalleryCellItem.swift */,
                                452EC6DF205E9E30000E787C /* MediaGallery.swift in Sources */,
                                45DDD06729C1365100FD9670 /* MediaGalleryAccessoriesHelper.swift in Sources */,
                                76E0A5A22C9C420800A1F0E2 /* MediaSelectionCoordinator.swift in Sources */,
                                7622B3B22A4510D7000E31DA /* MediaGalleryCellItem.swift in Sources */,
                                45C845AF291467F7005F6EA5 /* JournalingOrderedDictionaryTests.swift in Sources */,
                                45360B911F952AA900FA666C /* MarqueeLabel.swift in Sources */,
                                4585B4A5291B39F9003A8F8E /* MediaGalleryCollectionViewUpdaterTest.swift in Sources */,
                                76E0A5A42C9C420800A1F0E2 /* MediaSelectionCoordinatorTest.swift in Sources */,
                                1700E33B28B5684C0073D949 /* MediaGallerySectionsTest.swift in Sources */,
